# This file is automatically @generated by Cargo.
# It is not intended for manual editing.
version = 3

[[package]]
name = "byteorder"
version = "1.5.0"
source = "registry+https://github.com/rust-lang/crates.io-index"
checksum = "1fd0f2584146f6f2ef48085050886acf353beff7305ebd1ae69500e27c67f64b"

[[package]]
name = "henrylang"
version = "0.1.0"
dependencies = [
 "byteorder",
 "stdio",
]

[[package]]
name = "stdio"
version = "0.1.0"
source = "registry+https://github.com/rust-lang/crates.io-index"
checksum = "a797018a85edcf49d9a4ca3c7e170d2b0e4d906167b468015161fd023206aaee"
